
Microsoft Visual Studio Solution File, Format Version 12.00
# Visual Studio Version 17
VisualStudioVersion = 17.5.33424.131
MinimumVisualStudioVersion = 10.0.40219.1
Project("{FAE04EC0-301F-11D3-BF4B-00C04F79EFBC}") = "WebApiAzureDeployShagil", "WebApiAzureDeployShagil.csproj", "{EE445978-1765-4300-A0AD-3DFE6F617C23}"
EndProject
Global
	GlobalSection(SolutionConfigurationPlatforms) = preSolution
		Debug|Any CPU = Debug|Any CPU
		Release|Any CPU = Release|Any CPU
	EndGlobalSection
	GlobalSection(ProjectConfigurationPlatforms) = postSolution
		{EE445978-1765-4300-A0AD-3DFE6F617C23}.Debug|Any CPU.ActiveCfg = Debug|Any CPU
		{EE445978-1765-4300-A0AD-3DFE6F617C23}.Debug|Any CPU.Build.0 = Debug|Any CPU
		{EE445978-1765-4300-A0AD-3DFE6F617C23}.Release|Any CPU.ActiveCfg = Release|Any CPU
		{EE445978-1765-4300-A0AD-3DFE6F617C23}.Release|Any CPU.Build.0 = Release|Any CPU
	EndGlobalSection
	GlobalSection(SolutionProperties) = preSolution
		HideSolutionNode = FALSE
	EndGlobalSection
	GlobalSection(ExtensibilityGlobals) = postSolution
		SolutionGuid = {D6B6520A-45E5-400D-95F9-CE6DC29632B2}
	EndGlobalSection
EndGlobal
